
Microsoft Visual Studio Solution File, Format Version 12.00
# Visual Studio Version 17
VisualStudioVersion = 17.14.36414.22 d17.14
MinimumVisualStudioVersion = 10.0.40219.1
Project("{FAE04EC0-301F-11D3-BF4B-00C04F79EFBC}") = "LamDieuTinh_1150080038_BTtuan8", "LamDieuTinh_1150080038_BTtuan8\LamDieuTinh_1150080038_BTtuan8.csproj", "{A5FAF87C-AE8D-42AF-A126-1AFD5A70B68A}"
EndProject
Global
	GlobalSection(SolutionConfigurationPlatforms) = preSolution
		Debug|Any CPU = Debug|Any CPU
		Release|Any CPU = Release|Any CPU
	EndGlobalSection
	GlobalSection(ProjectConfigurationPlatforms) = postSolution
		{A5FAF87C-AE8D-42AF-A126-1AFD5A70B68A}.Debug|Any CPU.ActiveCfg = Debug|Any CPU
		{A5FAF87C-AE8D-42AF-A126-1AFD5A70B68A}.Debug|Any CPU.Build.0 = Debug|Any CPU
		{A5FAF87C-AE8D-42AF-A126-1AFD5A70B68A}.Release|Any CPU.ActiveCfg = Release|Any CPU
		{A5FAF87C-AE8D-42AF-A126-1AFD5A70B68A}.Release|Any CPU.Build.0 = Release|Any CPU
	EndGlobalSection
	GlobalSection(SolutionProperties) = preSolution
		HideSolutionNode = FALSE
	EndGlobalSection
	GlobalSection(ExtensibilityGlobals) = postSolution
		SolutionGuid = {90D2ED19-423F-4169-BB1A-735CF6D43992}
	EndGlobalSection
EndGlobal
